
Microsoft Visual Studio Solution File, Format Version 12.00
# Visual Studio 15
VisualStudioVersion = 15.0.26430.16
MinimumVisualStudioVersion = 10.0.40219.1
Project("{FAE04EC0-301F-11D3-BF4B-00C04F79EFBC}") = "YouTubePlaylistsMaintenance", "YouTubePlaylistsMaintenance\YouTubePlaylistsMaintenance.csproj", "{961F6FC0-5CD9-4F9E-817D-796D7E09CBDE}"
EndProject
Global
	GlobalSection(SolutionConfigurationPlatforms) = preSolution
		Debug|Any CPU = Debug|Any CPU
		Release|Any CPU = Release|Any CPU
	EndGlobalSection
	GlobalSection(ProjectConfigurationPlatforms) = postSolution
		{961F6FC0-5CD9-4F9E-817D-796D7E09CBDE}.Debug|Any CPU.ActiveCfg = Debug|Any CPU
		{961F6FC0-5CD9-4F9E-817D-796D7E09CBDE}.Debug|Any CPU.Build.0 = Debug|Any CPU
		{961F6FC0-5CD9-4F9E-817D-796D7E09CBDE}.Release|Any CPU.ActiveCfg = Release|Any CPU
		{961F6FC0-5CD9-4F9E-817D-796D7E09CBDE}.Release|Any CPU.Build.0 = Release|Any CPU
	EndGlobalSection
	GlobalSection(SolutionProperties) = preSolution
		HideSolutionNode = FALSE
	EndGlobalSection
	GlobalSection(ExtensibilityGlobals) = postSolution
		SolutionGuid = {A0827BF6-65ED-4156-8FF8-1FB576C29182}
	EndGlobalSection
EndGlobal
